
Microsoft Visual Studio Solution File, Format Version 12.00
# Visual Studio 15
VisualStudioVersion = 15.0.28307.329
MinimumVisualStudioVersion = 10.0.40219.1
Project("{FAE04EC0-301F-11D3-BF4B-00C04F79EFBC}") = "HatShop", "HatShop\HatShop.csproj", "{527BEB7A-E18F-49D6-8EB9-E1E0A7F8D1D0}"
EndProject
Global
	GlobalSection(SolutionConfigurationPlatforms) = preSolution
		Debug|Any CPU = Debug|Any CPU
		Release|Any CPU = Release|Any CPU
	EndGlobalSection
	GlobalSection(ProjectConfigurationPlatforms) = postSolution
		{527BEB7A-E18F-49D6-8EB9-E1E0A7F8D1D0}.Debug|Any CPU.ActiveCfg = Debug|Any CPU
		{527BEB7A-E18F-49D6-8EB9-E1E0A7F8D1D0}.Debug|Any CPU.Build.0 = Debug|Any CPU
		{527BEB7A-E18F-49D6-8EB9-E1E0A7F8D1D0}.Release|Any CPU.ActiveCfg = Release|Any CPU
		{527BEB7A-E18F-49D6-8EB9-E1E0A7F8D1D0}.Release|Any CPU.Build.0 = Release|Any CPU
	EndGlobalSection
	GlobalSection(SolutionProperties) = preSolution
		HideSolutionNode = FALSE
	EndGlobalSection
	GlobalSection(ExtensibilityGlobals) = postSolution
		SolutionGuid = {76A6373F-62C1-44E2-AB96-D62D3B4988DC}
	EndGlobalSection
EndGlobal
